
Microsoft Visual Studio Solution File, Format Version 12.00
# Visual Studio 15
VisualStudioVersion = 15.0.27004.2010
MinimumVisualStudioVersion = 10.0.40219.1
Project("{2150E333-8FDC-42A3-9474-1A3956D46DE8}") = "src", "src", "{AEC5B4A3-F134-4B18-9C8C-5CBC2CE234EC}"
EndProject
Project("{2150E333-8FDC-42A3-9474-1A3956D46DE8}") = "test", "test", "{663CA97F-7288-47A9-AC3A-68CC96AE1F1A}"
EndProject
Project("{2150E333-8FDC-42A3-9474-1A3956D46DE8}") = "api", "api", "{D4649289-A1EB-44C7-873C-928011C9F79F}"
EndProject
Project("{FAE04EC0-301F-11D3-BF4B-00C04F79EFBC}") = "Demo.CarTrade.API", "Demo.CarTrade.API\Demo.CarTrade.API.csproj", "{E05DB786-F70D-47F7-99C0-2403DE1D4EDA}"
	ProjectSection(ProjectDependencies) = postProject
		{D61CF124-AB14-42BD-A73C-95BD5FC4FD15} = {D61CF124-AB14-42BD-A73C-95BD5FC4FD15}
	EndProjectSection
EndProject
Project("{2150E333-8FDC-42A3-9474-1A3956D46DE8}") = "Common", "Common", "{11CF0CD2-E2A2-42B9-AAC8-D17A004DB7CF}"
EndProject
Project("{FAE04EC0-301F-11D3-BF4B-00C04F79EFBC}") = "Demo.CarTrade.Services", "Demo.CarTrade.Services\Demo.CarTrade.Services.csproj", "{D61CF124-AB14-42BD-A73C-95BD5FC4FD15}"
EndProject
Project("{FAE04EC0-301F-11D3-BF4B-00C04F79EFBC}") = "Demo.CarTrade.Services.Client", "Demo.CarTrade.Services.Client\Demo.CarTrade.Services.Client.csproj", "{5AFFEE87-D346-4DB4-BD70-3D26ABE2ABC6}"
	ProjectSection(ProjectDependencies) = postProject
		{D61CF124-AB14-42BD-A73C-95BD5FC4FD15} = {D61CF124-AB14-42BD-A73C-95BD5FC4FD15}
	EndProjectSection
EndProject
Project("{FAE04EC0-301F-11D3-BF4B-00C04F79EFBC}") = "Demo.CarTrade.Interfaces", "Demo.CarTrade.Interfaces\Demo.CarTrade.Interfaces.csproj", "{0D6C98D2-8C96-4312-B3B0-5279CBEDDE85}"
EndProject
Project("{FAE04EC0-301F-11D3-BF4B-00C04F79EFBC}") = "Demo.CarTrade.Entity", "Demo.CarTrade.Entity\Demo.CarTrade.Entity.csproj", "{495BB32F-4C44-43E9-B5D1-A1057652DD0A}"
EndProject
Project("{FAE04EC0-301F-11D3-BF4B-00C04F79EFBC}") = "Demo.CarTrade.Providers", "Demo.CarTrade.Providers\Demo.CarTrade.Providers.csproj", "{1D7A1783-9D98-47DB-AF1C-FAA74CFB5B9F}"
EndProject
Project("{FAE04EC0-301F-11D3-BF4B-00C04F79EFBC}") = "Demo.CarTrade.Repository", "Demo.CarTrade.Repository\Demo.CarTrade.Repository.csproj", "{78141BE9-6767-49B1-A2F8-5DC775546179}"
EndProject
Project("{FAE04EC0-301F-11D3-BF4B-00C04F79EFBC}") = "Demo.CarTrade.API.Tests", "Demo.CarTrade.API.Tests\Demo.CarTrade.API.Tests.csproj", "{7F1BDAD9-C851-47F6-A6CC-DFB60AE8F755}"
EndProject
Global
	GlobalSection(SolutionConfigurationPlatforms) = preSolution
		Debug|Any CPU = Debug|Any CPU
		Release|Any CPU = Release|Any CPU
	EndGlobalSection
	GlobalSection(ProjectConfigurationPlatforms) = postSolution
		{E05DB786-F70D-47F7-99C0-2403DE1D4EDA}.Debug|Any CPU.ActiveCfg = Debug|Any CPU
		{E05DB786-F70D-47F7-99C0-2403DE1D4EDA}.Debug|Any CPU.Build.0 = Debug|Any CPU
		{E05DB786-F70D-47F7-99C0-2403DE1D4EDA}.Release|Any CPU.ActiveCfg = Release|Any CPU
		{E05DB786-F70D-47F7-99C0-2403DE1D4EDA}.Release|Any CPU.Build.0 = Release|Any CPU
		{D61CF124-AB14-42BD-A73C-95BD5FC4FD15}.Debug|Any CPU.ActiveCfg = Debug|Any CPU
		{D61CF124-AB14-42BD-A73C-95BD5FC4FD15}.Debug|Any CPU.Build.0 = Debug|Any CPU
		{D61CF124-AB14-42BD-A73C-95BD5FC4FD15}.Release|Any CPU.ActiveCfg = Release|Any CPU
		{D61CF124-AB14-42BD-A73C-95BD5FC4FD15}.Release|Any CPU.Build.0 = Release|Any CPU
		{5AFFEE87-D346-4DB4-BD70-3D26ABE2ABC6}.Debug|Any CPU.ActiveCfg = Debug|Any CPU
		{5AFFEE87-D346-4DB4-BD70-3D26ABE2ABC6}.Debug|Any CPU.Build.0 = Debug|Any CPU
		{5AFFEE87-D346-4DB4-BD70-3D26ABE2ABC6}.Release|Any CPU.ActiveCfg = Release|Any CPU
		{5AFFEE87-D346-4DB4-BD70-3D26ABE2ABC6}.Release|Any CPU.Build.0 = Release|Any CPU
		{0D6C98D2-8C96-4312-B3B0-5279CBEDDE85}.Debug|Any CPU.ActiveCfg = Debug|Any CPU
		{0D6C98D2-8C96-4312-B3B0-5279CBEDDE85}.Debug|Any CPU.Build.0 = Debug|Any CPU
		{0D6C98D2-8C96-4312-B3B0-5279CBEDDE85}.Release|Any CPU.ActiveCfg = Release|Any CPU
		{0D6C98D2-8C96-4312-B3B0-5279CBEDDE85}.Release|Any CPU.Build.0 = Release|Any CPU
		{495BB32F-4C44-43E9-B5D1-A1057652DD0A}.Debug|Any CPU.ActiveCfg = Debug|Any CPU
		{495BB32F-4C44-43E9-B5D1-A1057652DD0A}.Debug|Any CPU.Build.0 = Debug|Any CPU
		{495BB32F-4C44-43E9-B5D1-A1057652DD0A}.Release|Any CPU.ActiveCfg = Release|Any CPU
		{495BB32F-4C44-43E9-B5D1-A1057652DD0A}.Release|Any CPU.Build.0 = Release|Any CPU
		{1D7A1783-9D98-47DB-AF1C-FAA74CFB5B9F}.Debug|Any CPU.ActiveCfg = Debug|Any CPU
		{1D7A1783-9D98-47DB-AF1C-FAA74CFB5B9F}.Debug|Any CPU.Build.0 = Debug|Any CPU
		{1D7A1783-9D98-47DB-AF1C-FAA74CFB5B9F}.Release|Any CPU.ActiveCfg = Release|Any CPU
		{1D7A1783-9D98-47DB-AF1C-FAA74CFB5B9F}.Release|Any CPU.Build.0 = Release|Any CPU
		{78141BE9-6767-49B1-A2F8-5DC775546179}.Debug|Any CPU.ActiveCfg = Debug|Any CPU
		{78141BE9-6767-49B1-A2F8-5DC775546179}.Debug|Any CPU.Build.0 = Debug|Any CPU
		{78141BE9-6767-49B1-A2F8-5DC775546179}.Release|Any CPU.ActiveCfg = Release|Any CPU
		{78141BE9-6767-49B1-A2F8-5DC775546179}.Release|Any CPU.Build.0 = Release|Any CPU
		{7F1BDAD9-C851-47F6-A6CC-DFB60AE8F755}.Debug|Any CPU.ActiveCfg = Debug|Any CPU
		{7F1BDAD9-C851-47F6-A6CC-DFB60AE8F755}.Debug|Any CPU.Build.0 = Debug|Any CPU
		{7F1BDAD9-C851-47F6-A6CC-DFB60AE8F755}.Release|Any CPU.ActiveCfg = Release|Any CPU
		{7F1BDAD9-C851-47F6-A6CC-DFB60AE8F755}.Release|Any CPU.Build.0 = Release|Any CPU
	EndGlobalSection
	GlobalSection(SolutionProperties) = preSolution
		HideSolutionNode = FALSE
	EndGlobalSection
	GlobalSection(NestedProjects) = preSolution
		{D4649289-A1EB-44C7-873C-928011C9F79F} = {AEC5B4A3-F134-4B18-9C8C-5CBC2CE234EC}
		{E05DB786-F70D-47F7-99C0-2403DE1D4EDA} = {D4649289-A1EB-44C7-873C-928011C9F79F}
		{11CF0CD2-E2A2-42B9-AAC8-D17A004DB7CF} = {AEC5B4A3-F134-4B18-9C8C-5CBC2CE234EC}
		{D61CF124-AB14-42BD-A73C-95BD5FC4FD15} = {11CF0CD2-E2A2-42B9-AAC8-D17A004DB7CF}
		{5AFFEE87-D346-4DB4-BD70-3D26ABE2ABC6} = {11CF0CD2-E2A2-42B9-AAC8-D17A004DB7CF}
		{0D6C98D2-8C96-4312-B3B0-5279CBEDDE85} = {11CF0CD2-E2A2-42B9-AAC8-D17A004DB7CF}
		{495BB32F-4C44-43E9-B5D1-A1057652DD0A} = {11CF0CD2-E2A2-42B9-AAC8-D17A004DB7CF}
		{1D7A1783-9D98-47DB-AF1C-FAA74CFB5B9F} = {11CF0CD2-E2A2-42B9-AAC8-D17A004DB7CF}
		{78141BE9-6767-49B1-A2F8-5DC775546179} = {11CF0CD2-E2A2-42B9-AAC8-D17A004DB7CF}
		{7F1BDAD9-C851-47F6-A6CC-DFB60AE8F755} = {663CA97F-7288-47A9-AC3A-68CC96AE1F1A}
	EndGlobalSection
	GlobalSection(ExtensibilityGlobals) = postSolution
		SolutionGuid = {514D205C-BF1F-400E-A490-11FC33FC4917}
	EndGlobalSection
EndGlobal
